
Microsoft Visual Studio Solution File, Format Version 12.00
# Visual Studio 2012
Project("{8BC9CEB8-8B4A-11D0-8D11-00A0C91BC942}") = "CGraphics_LAIG_TP01", "CGraphics_LAIG_TP01.vcxproj", "{89A18068-B93D-4EFD-88DB-4F6DD7DA6636}"
EndProject
Project("{8BC9CEB8-8B4A-11D0-8D11-00A0C91BC942}") = "Exmaples", "..\Exmaples\Exmaples.vcxproj", "{59D2431F-F21E-456A-BB09-A8CBADB10419}"
EndProject
Global
	GlobalSection(SolutionConfigurationPlatforms) = preSolution
		Debug|Win32 = Debug|Win32
		Release|Win32 = Release|Win32
	EndGlobalSection
	GlobalSection(ProjectConfigurationPlatforms) = postSolution
		{89A18068-B93D-4EFD-88DB-4F6DD7DA6636}.Debug|Win32.ActiveCfg = Debug|Win32
		{89A18068-B93D-4EFD-88DB-4F6DD7DA6636}.Debug|Win32.Build.0 = Debug|Win32
		{89A18068-B93D-4EFD-88DB-4F6DD7DA6636}.Release|Win32.ActiveCfg = Release|Win32
		{89A18068-B93D-4EFD-88DB-4F6DD7DA6636}.Release|Win32.Build.0 = Release|Win32
		{59D2431F-F21E-456A-BB09-A8CBADB10419}.Debug|Win32.ActiveCfg = Debug|Win32
		{59D2431F-F21E-456A-BB09-A8CBADB10419}.Debug|Win32.Build.0 = Debug|Win32
		{59D2431F-F21E-456A-BB09-A8CBADB10419}.Release|Win32.ActiveCfg = Release|Win32
		{59D2431F-F21E-456A-BB09-A8CBADB10419}.Release|Win32.Build.0 = Release|Win32
	EndGlobalSection
	GlobalSection(SolutionProperties) = preSolution
		HideSolutionNode = FALSE
	EndGlobalSection
EndGlobal
